
Microsoft Visual Studio Solution File, Format Version 12.00
Project("{FAE04EC0-301F-11D3-BF4B-00C04F79EFBC}") = "ErtisAuth", "ErtisAuth\ErtisAuth.csproj", "{CDD0A1E2-E4B5-40E0-AB92-9B435341C1D2}"
EndProject
Project("{FAE04EC0-301F-11D3-BF4B-00C04F79EFBC}") = "ErtisAuth.Tests", "ErtisAuth.Tests\ErtisAuth.Tests.csproj", "{AB90E3A0-B69C-4DD1-8CB7-18818AAAF0E7}"
EndProject
Project("{FAE04EC0-301F-11D3-BF4B-00C04F79EFBC}") = "ErtisAuth.Extensions.AspNetCore", "ErtisAuth.Extensions.AspNetCore\ErtisAuth.Extensions.AspNetCore.csproj", "{C6E8E169-12BE-4130-9A44-AF23A0C027E4}"
EndProject
Global
	GlobalSection(SolutionConfigurationPlatforms) = preSolution
		Debug|Any CPU = Debug|Any CPU
		Release|Any CPU = Release|Any CPU
	EndGlobalSection
	GlobalSection(ProjectConfigurationPlatforms) = postSolution
		{CDD0A1E2-E4B5-40E0-AB92-9B435341C1D2}.Debug|Any CPU.ActiveCfg = Debug|Any CPU
		{CDD0A1E2-E4B5-40E0-AB92-9B435341C1D2}.Debug|Any CPU.Build.0 = Debug|Any CPU
		{CDD0A1E2-E4B5-40E0-AB92-9B435341C1D2}.Release|Any CPU.ActiveCfg = Release|Any CPU
		{CDD0A1E2-E4B5-40E0-AB92-9B435341C1D2}.Release|Any CPU.Build.0 = Release|Any CPU
		{AB90E3A0-B69C-4DD1-8CB7-18818AAAF0E7}.Debug|Any CPU.ActiveCfg = Debug|Any CPU
		{AB90E3A0-B69C-4DD1-8CB7-18818AAAF0E7}.Debug|Any CPU.Build.0 = Debug|Any CPU
		{AB90E3A0-B69C-4DD1-8CB7-18818AAAF0E7}.Release|Any CPU.ActiveCfg = Release|Any CPU
		{AB90E3A0-B69C-4DD1-8CB7-18818AAAF0E7}.Release|Any CPU.Build.0 = Release|Any CPU
		{C6E8E169-12BE-4130-9A44-AF23A0C027E4}.Debug|Any CPU.ActiveCfg = Debug|Any CPU
		{C6E8E169-12BE-4130-9A44-AF23A0C027E4}.Debug|Any CPU.Build.0 = Debug|Any CPU
		{C6E8E169-12BE-4130-9A44-AF23A0C027E4}.Release|Any CPU.ActiveCfg = Release|Any CPU
		{C6E8E169-12BE-4130-9A44-AF23A0C027E4}.Release|Any CPU.Build.0 = Release|Any CPU
	EndGlobalSection
EndGlobal
